
Microsoft Visual Studio Solution File, Format Version 12.00
# Visual Studio 15
VisualStudioVersion = 15.0.28307.136
MinimumVisualStudioVersion = 10.0.40219.1
Project("{FAE04EC0-301F-11D3-BF4B-00C04F79EFBC}") = "AsadoYA.Android", "AsadoYA\AsadoYA.Android\AsadoYA.Android.csproj", "{5FD9717A-0BD0-4051-AFD3-ED1F261CEB7E}"
EndProject
Project("{FAE04EC0-301F-11D3-BF4B-00C04F79EFBC}") = "AsadoYA.iOS", "AsadoYA\AsadoYA.iOS\AsadoYA.iOS.csproj", "{FC5F793E-C159-4652-9E9F-1C0F713D082F}"
EndProject
Project("{FAE04EC0-301F-11D3-BF4B-00C04F79EFBC}") = "AsadoYA", "AsadoYA\AsadoYA\AsadoYA.csproj", "{05EC2C46-563A-43D2-846E-5EF7E7B3236D}"
EndProject
Project("{FAE04EC0-301F-11D3-BF4B-00C04F79EFBC}") = "AsadoYa.Backend", "AsadoYa.Backend\AsadoYa.Backend.csproj", "{AEB23BE2-D74E-4513-AFB2-27805D72D5DD}"
EndProject
Project("{FAE04EC0-301F-11D3-BF4B-00C04F79EFBC}") = "AsadoYA.API", "AsadoYA.API\AsadoYA.API.csproj", "{CA29FCC6-D567-43E1-B660-4DE57D9A338F}"
EndProject
Project("{FAE04EC0-301F-11D3-BF4B-00C04F79EFBC}") = "AsadoYA.Domain", "AsadoYA.Domain\AsadoYA.Domain.csproj", "{F5696FD6-439D-4DBD-AE7A-C79888F08491}"
EndProject
Project("{FAE04EC0-301F-11D3-BF4B-00C04F79EFBC}") = "AsadoYA.Common", "AsadoYA.Common\AsadoYA.Common.csproj", "{A69F19B2-A902-48D0-B7B3-934A6B99D8C8}"
EndProject
Global
	GlobalSection(SolutionConfigurationPlatforms) = preSolution
		Ad-Hoc|Any CPU = Ad-Hoc|Any CPU
		Ad-Hoc|iPhone = Ad-Hoc|iPhone
		Ad-Hoc|iPhoneSimulator = Ad-Hoc|iPhoneSimulator
		AppStore|Any CPU = AppStore|Any CPU
		AppStore|iPhone = AppStore|iPhone
		AppStore|iPhoneSimulator = AppStore|iPhoneSimulator
		Debug|Any CPU = Debug|Any CPU
		Debug|iPhone = Debug|iPhone
		Debug|iPhoneSimulator = Debug|iPhoneSimulator
		Release|Any CPU = Release|Any CPU
		Release|iPhone = Release|iPhone
		Release|iPhoneSimulator = Release|iPhoneSimulator
	EndGlobalSection
	GlobalSection(ProjectConfigurationPlatforms) = postSolution
		{5FD9717A-0BD0-4051-AFD3-ED1F261CEB7E}.Ad-Hoc|Any CPU.ActiveCfg = Release|Any CPU
		{5FD9717A-0BD0-4051-AFD3-ED1F261CEB7E}.Ad-Hoc|Any CPU.Build.0 = Release|Any CPU
		{5FD9717A-0BD0-4051-AFD3-ED1F261CEB7E}.Ad-Hoc|Any CPU.Deploy.0 = Release|Any CPU
		{5FD9717A-0BD0-4051-AFD3-ED1F261CEB7E}.Ad-Hoc|iPhone.ActiveCfg = Release|Any CPU
		{5FD9717A-0BD0-4051-AFD3-ED1F261CEB7E}.Ad-Hoc|iPhone.Build.0 = Release|Any CPU
		{5FD9717A-0BD0-4051-AFD3-ED1F261CEB7E}.Ad-Hoc|iPhone.Deploy.0 = Release|Any CPU
		{5FD9717A-0BD0-4051-AFD3-ED1F261CEB7E}.Ad-Hoc|iPhoneSimulator.ActiveCfg = Release|Any CPU
		{5FD9717A-0BD0-4051-AFD3-ED1F261CEB7E}.Ad-Hoc|iPhoneSimulator.Build.0 = Release|Any CPU
		{5FD9717A-0BD0-4051-AFD3-ED1F261CEB7E}.Ad-Hoc|iPhoneSimulator.Deploy.0 = Release|Any CPU
		{5FD9717A-0BD0-4051-AFD3-ED1F261CEB7E}.AppStore|Any CPU.ActiveCfg = Release|Any CPU
		{5FD9717A-0BD0-4051-AFD3-ED1F261CEB7E}.AppStore|Any CPU.Build.0 = Release|Any CPU
		{5FD9717A-0BD0-4051-AFD3-ED1F261CEB7E}.AppStore|Any CPU.Deploy.0 = Release|Any CPU
		{5FD9717A-0BD0-4051-AFD3-ED1F261CEB7E}.AppStore|iPhone.ActiveCfg = Release|Any CPU
		{5FD9717A-0BD0-4051-AFD3-ED1F261CEB7E}.AppStore|iPhone.Build.0 = Release|Any CPU
		{5FD9717A-0BD0-4051-AFD3-ED1F261CEB7E}.AppStore|iPhone.Deploy.0 = Release|Any CPU
		{5FD9717A-0BD0-4051-AFD3-ED1F261CEB7E}.AppStore|iPhoneSimulator.ActiveCfg = Release|Any CPU
		{5FD9717A-0BD0-4051-AFD3-ED1F261CEB7E}.AppStore|iPhoneSimulator.Build.0 = Release|Any CPU
		{5FD9717A-0BD0-4051-AFD3-ED1F261CEB7E}.AppStore|iPhoneSimulator.Deploy.0 = Release|Any CPU
		{5FD9717A-0BD0-4051-AFD3-ED1F261CEB7E}.Debug|Any CPU.ActiveCfg = Debug|Any CPU
		{5FD9717A-0BD0-4051-AFD3-ED1F261CEB7E}.Debug|Any CPU.Build.0 = Debug|Any CPU
		{5FD9717A-0BD0-4051-AFD3-ED1F261CEB7E}.Debug|Any CPU.Deploy.0 = Debug|Any CPU
		{5FD9717A-0BD0-4051-AFD3-ED1F261CEB7E}.Debug|iPhone.ActiveCfg = Debug|Any CPU
		{5FD9717A-0BD0-4051-AFD3-ED1F261CEB7E}.Debug|iPhone.Build.0 = Debug|Any CPU
		{5FD9717A-0BD0-4051-AFD3-ED1F261CEB7E}.Debug|iPhone.Deploy.0 = Debug|Any CPU
		{5FD9717A-0BD0-4051-AFD3-ED1F261CEB7E}.Debug|iPhoneSimulator.ActiveCfg = Debug|Any CPU
		{5FD9717A-0BD0-4051-AFD3-ED1F261CEB7E}.Debug|iPhoneSimulator.Build.0 = Debug|Any CPU
		{5FD9717A-0BD0-4051-AFD3-ED1F261CEB7E}.Debug|iPhoneSimulator.Deploy.0 = Debug|Any CPU
		{5FD9717A-0BD0-4051-AFD3-ED1F261CEB7E}.Release|Any CPU.ActiveCfg = Release|Any CPU
		{5FD9717A-0BD0-4051-AFD3-ED1F261CEB7E}.Release|Any CPU.Build.0 = Release|Any CPU
		{5FD9717A-0BD0-4051-AFD3-ED1F261CEB7E}.Release|Any CPU.Deploy.0 = Release|Any CPU
		{5FD9717A-0BD0-4051-AFD3-ED1F261CEB7E}.Release|iPhone.ActiveCfg = Release|Any CPU
		{5FD9717A-0BD0-4051-AFD3-ED1F261CEB7E}.Release|iPhone.Build.0 = Release|Any CPU
		{5FD9717A-0BD0-4051-AFD3-ED1F261CEB7E}.Release|iPhone.Deploy.0 = Release|Any CPU
		{5FD9717A-0BD0-4051-AFD3-ED1F261CEB7E}.Release|iPhoneSimulator.ActiveCfg = Release|Any CPU
		{5FD9717A-0BD0-4051-AFD3-ED1F261CEB7E}.Release|iPhoneSimulator.Build.0 = Release|Any CPU
		{5FD9717A-0BD0-4051-AFD3-ED1F261CEB7E}.Release|iPhoneSimulator.Deploy.0 = Release|Any CPU
		{FC5F793E-C159-4652-9E9F-1C0F713D082F}.Ad-Hoc|Any CPU.ActiveCfg = Ad-Hoc|iPhone
		{FC5F793E-C159-4652-9E9F-1C0F713D082F}.Ad-Hoc|Any CPU.Build.0 = Ad-Hoc|iPhone
		{FC5F793E-C159-4652-9E9F-1C0F713D082F}.Ad-Hoc|Any CPU.Deploy.0 = Ad-Hoc|iPhone
		{FC5F793E-C159-4652-9E9F-1C0F713D082F}.Ad-Hoc|iPhone.ActiveCfg = Ad-Hoc|iPhone
		{FC5F793E-C159-4652-9E9F-1C0F713D082F}.Ad-Hoc|iPhone.Build.0 = Ad-Hoc|iPhone
		{FC5F793E-C159-4652-9E9F-1C0F713D082F}.Ad-Hoc|iPhone.Deploy.0 = Ad-Hoc|iPhone
		{FC5F793E-C159-4652-9E9F-1C0F713D082F}.Ad-Hoc|iPhoneSimulator.ActiveCfg = Ad-Hoc|iPhoneSimulator
		{FC5F793E-C159-4652-9E9F-1C0F713D082F}.Ad-Hoc|iPhoneSimulator.Build.0 = Ad-Hoc|iPhoneSimulator
		{FC5F793E-C159-4652-9E9F-1C0F713D082F}.Ad-Hoc|iPhoneSimulator.Deploy.0 = Ad-Hoc|iPhoneSimulator
		{FC5F793E-C159-4652-9E9F-1C0F713D082F}.AppStore|Any CPU.ActiveCfg = AppStore|iPhone
		{FC5F793E-C159-4652-9E9F-1C0F713D082F}.AppStore|Any CPU.Build.0 = AppStore|iPhone
		{FC5F793E-C159-4652-9E9F-1C0F713D082F}.AppStore|Any CPU.Deploy.0 = AppStore|iPhone
		{FC5F793E-C159-4652-9E9F-1C0F713D082F}.AppStore|iPhone.ActiveCfg = AppStore|iPhone
		{FC5F793E-C159-4652-9E9F-1C0F713D082F}.AppStore|iPhone.Build.0 = AppStore|iPhone
		{FC5F793E-C159-4652-9E9F-1C0F713D082F}.AppStore|iPhone.Deploy.0 = AppStore|iPhone
		{FC5F793E-C159-4652-9E9F-1C0F713D082F}.AppStore|iPhoneSimulator.ActiveCfg = AppStore|iPhoneSimulator
		{FC5F793E-C159-4652-9E9F-1C0F713D082F}.AppStore|iPhoneSimulator.Build.0 = AppStore|iPhoneSimulator
		{FC5F793E-C159-4652-9E9F-1C0F713D082F}.AppStore|iPhoneSimulator.Deploy.0 = AppStore|iPhoneSimulator
		{FC5F793E-C159-4652-9E9F-1C0F713D082F}.Debug|Any CPU.ActiveCfg = Debug|iPhoneSimulator
		{FC5F793E-C159-4652-9E9F-1C0F713D082F}.Debug|Any CPU.Build.0 = Debug|iPhoneSimulator
		{FC5F793E-C159-4652-9E9F-1C0F713D082F}.Debug|Any CPU.Deploy.0 = Debug|iPhoneSimulator
		{FC5F793E-C159-4652-9E9F-1C0F713D082F}.Debug|iPhone.ActiveCfg = Debug|iPhone
		{FC5F793E-C159-4652-9E9F-1C0F713D082F}.Debug|iPhone.Build.0 = Debug|iPhone
		{FC5F793E-C159-4652-9E9F-1C0F713D082F}.Debug|iPhone.Deploy.0 = Debug|iPhone
		{FC5F793E-C159-4652-9E9F-1C0F713D082F}.Debug|iPhoneSimulator.ActiveCfg = Debug|iPhoneSimulator
		{FC5F793E-C159-4652-9E9F-1C0F713D082F}.Debug|iPhoneSimulator.Build.0 = Debug|iPhoneSimulator
		{FC5F793E-C159-4652-9E9F-1C0F713D082F}.Debug|iPhoneSimulator.Deploy.0 = Debug|iPhoneSimulator
		{FC5F793E-C159-4652-9E9F-1C0F713D082F}.Release|Any CPU.ActiveCfg = Release|iPhone
		{FC5F793E-C159-4652-9E9F-1C0F713D082F}.Release|Any CPU.Build.0 = Release|iPhone
		{FC5F793E-C159-4652-9E9F-1C0F713D082F}.Release|Any CPU.Deploy.0 = Release|iPhone
		{FC5F793E-C159-4652-9E9F-1C0F713D082F}.Release|iPhone.ActiveCfg = Release|iPhone
		{FC5F793E-C159-4652-9E9F-1C0F713D082F}.Release|iPhone.Build.0 = Release|iPhone
		{FC5F793E-C159-4652-9E9F-1C0F713D082F}.Release|iPhone.Deploy.0 = Release|iPhone
		{FC5F793E-C159-4652-9E9F-1C0F713D082F}.Release|iPhoneSimulator.ActiveCfg = Release|iPhoneSimulator
		{FC5F793E-C159-4652-9E9F-1C0F713D082F}.Release|iPhoneSimulator.Build.0 = Release|iPhoneSimulator
		{FC5F793E-C159-4652-9E9F-1C0F713D082F}.Release|iPhoneSimulator.Deploy.0 = Release|iPhoneSimulator
		{05EC2C46-563A-43D2-846E-5EF7E7B3236D}.Ad-Hoc|Any CPU.ActiveCfg = Debug|Any CPU
		{05EC2C46-563A-43D2-846E-5EF7E7B3236D}.Ad-Hoc|Any CPU.Build.0 = Debug|Any CPU
		{05EC2C46-563A-43D2-846E-5EF7E7B3236D}.Ad-Hoc|Any CPU.Deploy.0 = Debug|Any CPU
		{05EC2C46-563A-43D2-846E-5EF7E7B3236D}.Ad-Hoc|iPhone.ActiveCfg = Debug|Any CPU
		{05EC2C46-563A-43D2-846E-5EF7E7B3236D}.Ad-Hoc|iPhone.Build.0 = Debug|Any CPU
		{05EC2C46-563A-43D2-846E-5EF7E7B3236D}.Ad-Hoc|iPhone.Deploy.0 = Debug|Any CPU
		{05EC2C46-563A-43D2-846E-5EF7E7B3236D}.Ad-Hoc|iPhoneSimulator.ActiveCfg = Debug|Any CPU
		{05EC2C46-563A-43D2-846E-5EF7E7B3236D}.Ad-Hoc|iPhoneSimulator.Build.0 = Debug|Any CPU
		{05EC2C46-563A-43D2-846E-5EF7E7B3236D}.Ad-Hoc|iPhoneSimulator.Deploy.0 = Debug|Any CPU
		{05EC2C46-563A-43D2-846E-5EF7E7B3236D}.AppStore|Any CPU.ActiveCfg = Debug|Any CPU
		{05EC2C46-563A-43D2-846E-5EF7E7B3236D}.AppStore|Any CPU.Build.0 = Debug|Any CPU
		{05EC2C46-563A-43D2-846E-5EF7E7B3236D}.AppStore|Any CPU.Deploy.0 = Debug|Any CPU
		{05EC2C46-563A-43D2-846E-5EF7E7B3236D}.AppStore|iPhone.ActiveCfg = Debug|Any CPU
		{05EC2C46-563A-43D2-846E-5EF7E7B3236D}.AppStore|iPhone.Build.0 = Debug|Any CPU
		{05EC2C46-563A-43D2-846E-5EF7E7B3236D}.AppStore|iPhone.Deploy.0 = Debug|Any CPU
		{05EC2C46-563A-43D2-846E-5EF7E7B3236D}.AppStore|iPhoneSimulator.ActiveCfg = Debug|Any CPU
		{05EC2C46-563A-43D2-846E-5EF7E7B3236D}.AppStore|iPhoneSimulator.Build.0 = Debug|Any CPU
		{05EC2C46-563A-43D2-846E-5EF7E7B3236D}.AppStore|iPhoneSimulator.Deploy.0 = Debug|Any CPU
		{05EC2C46-563A-43D2-846E-5EF7E7B3236D}.Debug|Any CPU.ActiveCfg = Debug|Any CPU
		{05EC2C46-563A-43D2-846E-5EF7E7B3236D}.Debug|Any CPU.Build.0 = Debug|Any CPU
		{05EC2C46-563A-43D2-846E-5EF7E7B3236D}.Debug|Any CPU.Deploy.0 = Debug|Any CPU
		{05EC2C46-563A-43D2-846E-5EF7E7B3236D}.Debug|iPhone.ActiveCfg = Debug|Any CPU
		{05EC2C46-563A-43D2-846E-5EF7E7B3236D}.Debug|iPhone.Build.0 = Debug|Any CPU
		{05EC2C46-563A-43D2-846E-5EF7E7B3236D}.Debug|iPhone.Deploy.0 = Debug|Any CPU
		{05EC2C46-563A-43D2-846E-5EF7E7B3236D}.Debug|iPhoneSimulator.ActiveCfg = Debug|Any CPU
		{05EC2C46-563A-43D2-846E-5EF7E7B3236D}.Debug|iPhoneSimulator.Build.0 = Debug|Any CPU
		{05EC2C46-563A-43D2-846E-5EF7E7B3236D}.Debug|iPhoneSimulator.Deploy.0 = Debug|Any CPU
		{05EC2C46-563A-43D2-846E-5EF7E7B3236D}.Release|Any CPU.ActiveCfg = Release|Any CPU
		{05EC2C46-563A-43D2-846E-5EF7E7B3236D}.Release|Any CPU.Build.0 = Release|Any CPU
		{05EC2C46-563A-43D2-846E-5EF7E7B3236D}.Release|Any CPU.Deploy.0 = Release|Any CPU
		{05EC2C46-563A-43D2-846E-5EF7E7B3236D}.Release|iPhone.ActiveCfg = Release|Any CPU
		{05EC2C46-563A-43D2-846E-5EF7E7B3236D}.Release|iPhone.Build.0 = Release|Any CPU
		{05EC2C46-563A-43D2-846E-5EF7E7B3236D}.Release|iPhone.Deploy.0 = Release|Any CPU
		{05EC2C46-563A-43D2-846E-5EF7E7B3236D}.Release|iPhoneSimulator.ActiveCfg = Release|Any CPU
		{05EC2C46-563A-43D2-846E-5EF7E7B3236D}.Release|iPhoneSimulator.Build.0 = Release|Any CPU
		{05EC2C46-563A-43D2-846E-5EF7E7B3236D}.Release|iPhoneSimulator.Deploy.0 = Release|Any CPU
		{AEB23BE2-D74E-4513-AFB2-27805D72D5DD}.Ad-Hoc|Any CPU.ActiveCfg = Release|Any CPU
		{AEB23BE2-D74E-4513-AFB2-27805D72D5DD}.Ad-Hoc|Any CPU.Build.0 = Release|Any CPU
		{AEB23BE2-D74E-4513-AFB2-27805D72D5DD}.Ad-Hoc|iPhone.ActiveCfg = Release|Any CPU
		{AEB23BE2-D74E-4513-AFB2-27805D72D5DD}.Ad-Hoc|iPhone.Build.0 = Release|Any CPU
		{AEB23BE2-D74E-4513-AFB2-27805D72D5DD}.Ad-Hoc|iPhoneSimulator.ActiveCfg = Release|Any CPU
		{AEB23BE2-D74E-4513-AFB2-27805D72D5DD}.Ad-Hoc|iPhoneSimulator.Build.0 = Release|Any CPU
		{AEB23BE2-D74E-4513-AFB2-27805D72D5DD}.AppStore|Any CPU.ActiveCfg = Release|Any CPU
		{AEB23BE2-D74E-4513-AFB2-27805D72D5DD}.AppStore|Any CPU.Build.0 = Release|Any CPU
		{AEB23BE2-D74E-4513-AFB2-27805D72D5DD}.AppStore|iPhone.ActiveCfg = Release|Any CPU
		{AEB23BE2-D74E-4513-AFB2-27805D72D5DD}.AppStore|iPhone.Build.0 = Release|Any CPU
		{AEB23BE2-D74E-4513-AFB2-27805D72D5DD}.AppStore|iPhoneSimulator.ActiveCfg = Release|Any CPU
		{AEB23BE2-D74E-4513-AFB2-27805D72D5DD}.AppStore|iPhoneSimulator.Build.0 = Release|Any CPU
		{AEB23BE2-D74E-4513-AFB2-27805D72D5DD}.Debug|Any CPU.ActiveCfg = Debug|Any CPU
		{AEB23BE2-D74E-4513-AFB2-27805D72D5DD}.Debug|Any CPU.Build.0 = Debug|Any CPU
		{AEB23BE2-D74E-4513-AFB2-27805D72D5DD}.Debug|iPhone.ActiveCfg = Debug|Any CPU
		{AEB23BE2-D74E-4513-AFB2-27805D72D5DD}.Debug|iPhone.Build.0 = Debug|Any CPU
		{AEB23BE2-D74E-4513-AFB2-27805D72D5DD}.Debug|iPhoneSimulator.ActiveCfg = Debug|Any CPU
		{AEB23BE2-D74E-4513-AFB2-27805D72D5DD}.Debug|iPhoneSimulator.Build.0 = Debug|Any CPU
		{AEB23BE2-D74E-4513-AFB2-27805D72D5DD}.Release|Any CPU.ActiveCfg = Release|Any CPU
		{AEB23BE2-D74E-4513-AFB2-27805D72D5DD}.Release|Any CPU.Build.0 = Release|Any CPU
		{AEB23BE2-D74E-4513-AFB2-27805D72D5DD}.Release|iPhone.ActiveCfg = Release|Any CPU
		{AEB23BE2-D74E-4513-AFB2-27805D72D5DD}.Release|iPhone.Build.0 = Release|Any CPU
		{AEB23BE2-D74E-4513-AFB2-27805D72D5DD}.Release|iPhoneSimulator.ActiveCfg = Release|Any CPU
		{AEB23BE2-D74E-4513-AFB2-27805D72D5DD}.Release|iPhoneSimulator.Build.0 = Release|Any CPU
		{CA29FCC6-D567-43E1-B660-4DE57D9A338F}.Ad-Hoc|Any CPU.ActiveCfg = Release|Any CPU
		{CA29FCC6-D567-43E1-B660-4DE57D9A338F}.Ad-Hoc|Any CPU.Build.0 = Release|Any CPU
		{CA29FCC6-D567-43E1-B660-4DE57D9A338F}.Ad-Hoc|iPhone.ActiveCfg = Release|Any CPU
		{CA29FCC6-D567-43E1-B660-4DE57D9A338F}.Ad-Hoc|iPhone.Build.0 = Release|Any CPU
		{CA29FCC6-D567-43E1-B660-4DE57D9A338F}.Ad-Hoc|iPhoneSimulator.ActiveCfg = Release|Any CPU
		{CA29FCC6-D567-43E1-B660-4DE57D9A338F}.Ad-Hoc|iPhoneSimulator.Build.0 = Release|Any CPU
		{CA29FCC6-D567-43E1-B660-4DE57D9A338F}.AppStore|Any CPU.ActiveCfg = Release|Any CPU
		{CA29FCC6-D567-43E1-B660-4DE57D9A338F}.AppStore|Any CPU.Build.0 = Release|Any CPU
		{CA29FCC6-D567-43E1-B660-4DE57D9A338F}.AppStore|iPhone.ActiveCfg = Release|Any CPU
		{CA29FCC6-D567-43E1-B660-4DE57D9A338F}.AppStore|iPhone.Build.0 = Release|Any CPU
		{CA29FCC6-D567-43E1-B660-4DE57D9A338F}.AppStore|iPhoneSimulator.ActiveCfg = Release|Any CPU
		{CA29FCC6-D567-43E1-B660-4DE57D9A338F}.AppStore|iPhoneSimulator.Build.0 = Release|Any CPU
		{CA29FCC6-D567-43E1-B660-4DE57D9A338F}.Debug|Any CPU.ActiveCfg = Debug|Any CPU
		{CA29FCC6-D567-43E1-B660-4DE57D9A338F}.Debug|Any CPU.Build.0 = Debug|Any CPU
		{CA29FCC6-D567-43E1-B660-4DE57D9A338F}.Debug|iPhone.ActiveCfg = Debug|Any CPU
		{CA29FCC6-D567-43E1-B660-4DE57D9A338F}.Debug|iPhone.Build.0 = Debug|Any CPU
		{CA29FCC6-D567-43E1-B660-4DE57D9A338F}.Debug|iPhoneSimulator.ActiveCfg = Debug|Any CPU
		{CA29FCC6-D567-43E1-B660-4DE57D9A338F}.Debug|iPhoneSimulator.Build.0 = Debug|Any CPU
		{CA29FCC6-D567-43E1-B660-4DE57D9A338F}.Release|Any CPU.ActiveCfg = Release|Any CPU
		{CA29FCC6-D567-43E1-B660-4DE57D9A338F}.Release|Any CPU.Build.0 = Release|Any CPU
		{CA29FCC6-D567-43E1-B660-4DE57D9A338F}.Release|iPhone.ActiveCfg = Release|Any CPU
		{CA29FCC6-D567-43E1-B660-4DE57D9A338F}.Release|iPhone.Build.0 = Release|Any CPU
		{CA29FCC6-D567-43E1-B660-4DE57D9A338F}.Release|iPhoneSimulator.ActiveCfg = Release|Any CPU
		{CA29FCC6-D567-43E1-B660-4DE57D9A338F}.Release|iPhoneSimulator.Build.0 = Release|Any CPU
		{F5696FD6-439D-4DBD-AE7A-C79888F08491}.Ad-Hoc|Any CPU.ActiveCfg = Release|Any CPU
		{F5696FD6-439D-4DBD-AE7A-C79888F08491}.Ad-Hoc|Any CPU.Build.0 = Release|Any CPU
		{F5696FD6-439D-4DBD-AE7A-C79888F08491}.Ad-Hoc|iPhone.ActiveCfg = Release|Any CPU
		{F5696FD6-439D-4DBD-AE7A-C79888F08491}.Ad-Hoc|iPhone.Build.0 = Release|Any CPU
		{F5696FD6-439D-4DBD-AE7A-C79888F08491}.Ad-Hoc|iPhoneSimulator.ActiveCfg = Release|Any CPU
		{F5696FD6-439D-4DBD-AE7A-C79888F08491}.Ad-Hoc|iPhoneSimulator.Build.0 = Release|Any CPU
		{F5696FD6-439D-4DBD-AE7A-C79888F08491}.AppStore|Any CPU.ActiveCfg = Release|Any CPU
		{F5696FD6-439D-4DBD-AE7A-C79888F08491}.AppStore|Any CPU.Build.0 = Release|Any CPU
		{F5696FD6-439D-4DBD-AE7A-C79888F08491}.AppStore|iPhone.ActiveCfg = Release|Any CPU
		{F5696FD6-439D-4DBD-AE7A-C79888F08491}.AppStore|iPhone.Build.0 = Release|Any CPU
		{F5696FD6-439D-4DBD-AE7A-C79888F08491}.AppStore|iPhoneSimulator.ActiveCfg = Release|Any CPU
		{F5696FD6-439D-4DBD-AE7A-C79888F08491}.AppStore|iPhoneSimulator.Build.0 = Release|Any CPU
		{F5696FD6-439D-4DBD-AE7A-C79888F08491}.Debug|Any CPU.ActiveCfg = Debug|Any CPU
		{F5696FD6-439D-4DBD-AE7A-C79888F08491}.Debug|Any CPU.Build.0 = Debug|Any CPU
		{F5696FD6-439D-4DBD-AE7A-C79888F08491}.Debug|iPhone.ActiveCfg = Debug|Any CPU
		{F5696FD6-439D-4DBD-AE7A-C79888F08491}.Debug|iPhone.Build.0 = Debug|Any CPU
		{F5696FD6-439D-4DBD-AE7A-C79888F08491}.Debug|iPhoneSimulator.ActiveCfg = Debug|Any CPU
		{F5696FD6-439D-4DBD-AE7A-C79888F08491}.Debug|iPhoneSimulator.Build.0 = Debug|Any CPU
		{F5696FD6-439D-4DBD-AE7A-C79888F08491}.Release|Any CPU.ActiveCfg = Release|Any CPU
		{F5696FD6-439D-4DBD-AE7A-C79888F08491}.Release|Any CPU.Build.0 = Release|Any CPU
		{F5696FD6-439D-4DBD-AE7A-C79888F08491}.Release|iPhone.ActiveCfg = Release|Any CPU
		{F5696FD6-439D-4DBD-AE7A-C79888F08491}.Release|iPhone.Build.0 = Release|Any CPU
		{F5696FD6-439D-4DBD-AE7A-C79888F08491}.Release|iPhoneSimulator.ActiveCfg = Release|Any CPU
		{F5696FD6-439D-4DBD-AE7A-C79888F08491}.Release|iPhoneSimulator.Build.0 = Release|Any CPU
		{A69F19B2-A902-48D0-B7B3-934A6B99D8C8}.Ad-Hoc|Any CPU.ActiveCfg = Release|Any CPU
		{A69F19B2-A902-48D0-B7B3-934A6B99D8C8}.Ad-Hoc|Any CPU.Build.0 = Release|Any CPU
		{A69F19B2-A902-48D0-B7B3-934A6B99D8C8}.Ad-Hoc|iPhone.ActiveCfg = Release|Any CPU
		{A69F19B2-A902-48D0-B7B3-934A6B99D8C8}.Ad-Hoc|iPhone.Build.0 = Release|Any CPU
		{A69F19B2-A902-48D0-B7B3-934A6B99D8C8}.Ad-Hoc|iPhoneSimulator.ActiveCfg = Release|Any CPU
		{A69F19B2-A902-48D0-B7B3-934A6B99D8C8}.Ad-Hoc|iPhoneSimulator.Build.0 = Release|Any CPU
		{A69F19B2-A902-48D0-B7B3-934A6B99D8C8}.AppStore|Any CPU.ActiveCfg = Release|Any CPU
		{A69F19B2-A902-48D0-B7B3-934A6B99D8C8}.AppStore|Any CPU.Build.0 = Release|Any CPU
		{A69F19B2-A902-48D0-B7B3-934A6B99D8C8}.AppStore|iPhone.ActiveCfg = Release|Any CPU
		{A69F19B2-A902-48D0-B7B3-934A6B99D8C8}.AppStore|iPhone.Build.0 = Release|Any CPU
		{A69F19B2-A902-48D0-B7B3-934A6B99D8C8}.AppStore|iPhoneSimulator.ActiveCfg = Release|Any CPU
		{A69F19B2-A902-48D0-B7B3-934A6B99D8C8}.AppStore|iPhoneSimulator.Build.0 = Release|Any CPU
		{A69F19B2-A902-48D0-B7B3-934A6B99D8C8}.Debug|Any CPU.ActiveCfg = Debug|Any CPU
		{A69F19B2-A902-48D0-B7B3-934A6B99D8C8}.Debug|Any CPU.Build.0 = Debug|Any CPU
		{A69F19B2-A902-48D0-B7B3-934A6B99D8C8}.Debug|iPhone.ActiveCfg = Debug|Any CPU
		{A69F19B2-A902-48D0-B7B3-934A6B99D8C8}.Debug|iPhone.Build.0 = Debug|Any CPU
		{A69F19B2-A902-48D0-B7B3-934A6B99D8C8}.Debug|iPhoneSimulator.ActiveCfg = Debug|Any CPU
		{A69F19B2-A902-48D0-B7B3-934A6B99D8C8}.Debug|iPhoneSimulator.Build.0 = Debug|Any CPU
		{A69F19B2-A902-48D0-B7B3-934A6B99D8C8}.Release|Any CPU.ActiveCfg = Release|Any CPU
		{A69F19B2-A902-48D0-B7B3-934A6B99D8C8}.Release|Any CPU.Build.0 = Release|Any CPU
		{A69F19B2-A902-48D0-B7B3-934A6B99D8C8}.Release|iPhone.ActiveCfg = Release|Any CPU
		{A69F19B2-A902-48D0-B7B3-934A6B99D8C8}.Release|iPhone.Build.0 = Release|Any CPU
		{A69F19B2-A902-48D0-B7B3-934A6B99D8C8}.Release|iPhoneSimulator.ActiveCfg = Release|Any CPU
		{A69F19B2-A902-48D0-B7B3-934A6B99D8C8}.Release|iPhoneSimulator.Build.0 = Release|Any CPU
	EndGlobalSection
	GlobalSection(SolutionProperties) = preSolution
		HideSolutionNode = FALSE
	EndGlobalSection
	GlobalSection(ExtensibilityGlobals) = postSolution
		SolutionGuid = {47D0FC73-380F-470A-9DBE-90FEA4AC0FFD}
	EndGlobalSection
EndGlobal
